// !$*UTF8*$!
{
	archiveVersion = 1;
	classes = {
	};
	objectVersion = 50;
	objects = {

/* Begin PBXBuildFile section */
		0B16EA4F26C3D50900DC1C91 /* SettingsViewController.swift in Sources */ = {isa = PBXBuildFile; fileRef = 0B16EA4E26C3D50900DC1C91 /* SettingsViewController.swift */; };
		0B16EA5626C3D6AD00DC1C91 /* settingsCell.swift in Sources */ = {isa = PBXBuildFile; fileRef = 0B16EA5526C3D6AD00DC1C91 /* settingsCell.swift */; };
		0B32AA6F26C52E1600E0E404 /* HapticFeedback.swift in Sources */ = {isa = PBXBuildFile; fileRef = 0B32AA6E26C52E1600E0E404 /* HapticFeedback.swift */; };
		0B32AA7126C52E3100E0E404 /* Constants.swift in Sources */ = {isa = PBXBuildFile; fileRef = 0B32AA7026C52E3100E0E404 /* Constants.swift */; };
		0B32AA7326C546FB00E0E404 /* PrivacyViewController.swift in Sources */ = {isa = PBXBuildFile; fileRef = 0B32AA7226C546FB00E0E404 /* PrivacyViewController.swift */; };
		1D5AB69526C2958400B62D5A /* AppDelegate.swift in Sources */ = {isa = PBXBuildFile; fileRef = 1D5AB69426C2958400B62D5A /* AppDelegate.swift */; };
		1D5AB69726C2958400B62D5A /* SceneDelegate.swift in Sources */ = {isa = PBXBuildFile; fileRef = 1D5AB69626C2958400B62D5A /* SceneDelegate.swift */; };
		1D5AB69926C2958400B62D5A /* ViewController.swift in Sources */ = {isa = PBXBuildFile; fileRef = 1D5AB69826C2958400B62D5A /* ViewController.swift */; };
		1D5AB69C26C2958400B62D5A /* Main.storyboard in Resources */ = {isa = PBXBuildFile; fileRef = 1D5AB69A26C2958400B62D5A /* Main.storyboard */; };
		1D5AB69E26C2958600B62D5A /* Assets.xcassets in Resources */ = {isa = PBXBuildFile; fileRef = 1D5AB69D26C2958600B62D5A /* Assets.xcassets */; };
		1D5AB6A126C2958600B62D5A /* LaunchScreen.storyboard in Resources */ = {isa = PBXBuildFile; fileRef = 1D5AB69F26C2958600B62D5A /* LaunchScreen.storyboard */; };
		1D5AB6AA26C29E6000B62D5A /* OnBoardingViewController.swift in Sources */ = {isa = PBXBuildFile; fileRef = 1D5AB6A926C29E6000B62D5A /* OnBoardingViewController.swift */; };
		1D5AB6AC26C2A4EA00B62D5A /* ExamsViewController.swift in Sources */ = {isa = PBXBuildFile; fileRef = 1D5AB6AB26C2A4EA00B62D5A /* ExamsViewController.swift */; };
		1D5AB6B126C2A67100B62D5A /* ExamSelectionTableViewCell.swift in Sources */ = {isa = PBXBuildFile; fileRef = 1D5AB6AF26C2A67100B62D5A /* ExamSelectionTableViewCell.swift */; };
		1D5AB6B226C2A67100B62D5A /* ExamSelectionTableViewCell.xib in Resources */ = {isa = PBXBuildFile; fileRef = 1D5AB6B026C2A67100B62D5A /* ExamSelectionTableViewCell.xib */; };
		1D6BE98F26C2B6D400F44114 /* SubjectsViewController.swift in Sources */ = {isa = PBXBuildFile; fileRef = 1D6BE98E26C2B6D400F44114 /* SubjectsViewController.swift */; };
		1D6BE99526C2BA4A00F44114 /* SubjectsTableViewCell.swift in Sources */ = {isa = PBXBuildFile; fileRef = 1D6BE99326C2BA4A00F44114 /* SubjectsTableViewCell.swift */; };
		1D6BE99626C2BA4A00F44114 /* SubjectsTableViewCell.xib in Resources */ = {isa = PBXBuildFile; fileRef = 1D6BE99426C2BA4A00F44114 /* SubjectsTableViewCell.xib */; };
		1D6BE99826C2D89E00F44114 /* SubjectExpandedViewController.swift in Sources */ = {isa = PBXBuildFile; fileRef = 1D6BE99726C2D89E00F44114 /* SubjectExpandedViewController.swift */; };
		1D6BE99C26C2E33C00F44114 /* PaperThumbnailCollectionViewCell.swift in Sources */ = {isa = PBXBuildFile; fileRef = 1D6BE99A26C2E33C00F44114 /* PaperThumbnailCollectionViewCell.swift */; };
		1D6BE99D26C2E33C00F44114 /* PaperThumbnailCollectionViewCell.xib in Resources */ = {isa = PBXBuildFile; fileRef = 1D6BE99B26C2E33C00F44114 /* PaperThumbnailCollectionViewCell.xib */; };
		1D6BE99F26C2EC9E00F44114 /* PaperPreviewViewController.swift in Sources */ = {isa = PBXBuildFile; fileRef = 1D6BE99E26C2EC9E00F44114 /* PaperPreviewViewController.swift */; };
		1D6BE9A126C2F0E500F44114 /* CircularProgressView.swift in Sources */ = {isa = PBXBuildFile; fileRef = 1D6BE9A026C2F0E500F44114 /* CircularProgressView.swift */; };
		1D6BE9A326C2F16C00F44114 /* UploadPaperViewController.swift in Sources */ = {isa = PBXBuildFile; fileRef = 1D6BE9A226C2F16C00F44114 /* UploadPaperViewController.swift */; };
		1D6BE9A526C2F3CA00F44114 /* paperSelectionViewController.swift in Sources */ = {isa = PBXBuildFile; fileRef = 1D6BE9A426C2F3CA00F44114 /* paperSelectionViewController.swift */; };
/* End PBXBuildFile section */

/* Begin PBXFileReference section */
		0B16EA4E26C3D50900DC1C91 /* SettingsViewController.swift */ = {isa = PBXFileReference; lastKnownFileType = sourcecode.swift; path = SettingsViewController.swift; sourceTree = "<group>"; };
		0B16EA5526C3D6AD00DC1C91 /* settingsCell.swift */ = {isa = PBXFileReference; lastKnownFileType = sourcecode.swift; path = settingsCell.swift; sourceTree = "<group>"; };
		0B32AA6E26C52E1600E0E404 /* HapticFeedback.swift */ = {isa = PBXFileReference; lastKnownFileType = sourcecode.swift; path = HapticFeedback.swift; sourceTree = "<group>"; };
		0B32AA7026C52E3100E0E404 /* Constants.swift */ = {isa = PBXFileReference; lastKnownFileType = sourcecode.swift; path = Constants.swift; sourceTree = "<group>"; };
		0B32AA7226C546FB00E0E404 /* PrivacyViewController.swift */ = {isa = PBXFileReference; lastKnownFileType = sourcecode.swift; path = PrivacyViewController.swift; sourceTree = "<group>"; };
		1D5AB69126C2958400B62D5A /* ADG@PaperVIT_IOS.app */ = {isa = PBXFileReference; explicitFileType = wrapper.application; includeInIndex = 0; path = "ADG@PaperVIT_IOS.app"; sourceTree = BUILT_PRODUCTS_DIR; };
		1D5AB69426C2958400B62D5A /* AppDelegate.swift */ = {isa = PBXFileReference; lastKnownFileType = sourcecode.swift; path = AppDelegate.swift; sourceTree = "<group>"; };
		1D5AB69626C2958400B62D5A /* SceneDelegate.swift */ = {isa = PBXFileReference; lastKnownFileType = sourcecode.swift; path = SceneDelegate.swift; sourceTree = "<group>"; };
		1D5AB69826C2958400B62D5A /* ViewController.swift */ = {isa = PBXFileReference; lastKnownFileType = sourcecode.swift; path = ViewController.swift; sourceTree = "<group>"; };
		1D5AB69B26C2958400B62D5A /* Base */ = {isa = PBXFileReference; lastKnownFileType = file.storyboard; name = Base; path = Base.lproj/Main.storyboard; sourceTree = "<group>"; };
		1D5AB69D26C2958600B62D5A /* Assets.xcassets */ = {isa = PBXFileReference; lastKnownFileType = folder.assetcatalog; path = Assets.xcassets; sourceTree = "<group>"; };
		1D5AB6A026C2958600B62D5A /* Base */ = {isa = PBXFileReference; lastKnownFileType = file.storyboard; name = Base; path = Base.lproj/LaunchScreen.storyboard; sourceTree = "<group>"; };
		1D5AB6A226C2958600B62D5A /* Info.plist */ = {isa = PBXFileReference; lastKnownFileType = text.plist.xml; path = Info.plist; sourceTree = "<group>"; };
		1D5AB6A926C29E6000B62D5A /* OnBoardingViewController.swift */ = {isa = PBXFileReference; lastKnownFileType = sourcecode.swift; path = OnBoardingViewController.swift; sourceTree = "<group>"; };
		1D5AB6AB26C2A4EA00B62D5A /* ExamsViewController.swift */ = {isa = PBXFileReference; lastKnownFileType = sourcecode.swift; path = ExamsViewController.swift; sourceTree = "<group>"; };
		1D5AB6AF26C2A67100B62D5A /* ExamSelectionTableViewCell.swift */ = {isa = PBXFileReference; lastKnownFileType = sourcecode.swift; path = ExamSelectionTableViewCell.swift; sourceTree = "<group>"; };
		1D5AB6B026C2A67100B62D5A /* ExamSelectionTableViewCell.xib */ = {isa = PBXFileReference; lastKnownFileType = file.xib; path = ExamSelectionTableViewCell.xib; sourceTree = "<group>"; };
		1D6BE98E26C2B6D400F44114 /* SubjectsViewController.swift */ = {isa = PBXFileReference; lastKnownFileType = sourcecode.swift; path = SubjectsViewController.swift; sourceTree = "<group>"; };
		1D6BE99326C2BA4A00F44114 /* SubjectsTableViewCell.swift */ = {isa = PBXFileReference; lastKnownFileType = sourcecode.swift; path = SubjectsTableViewCell.swift; sourceTree = "<group>"; };
		1D6BE99426C2BA4A00F44114 /* SubjectsTableViewCell.xib */ = {isa = PBXFileReference; lastKnownFileType = file.xib; path = SubjectsTableViewCell.xib; sourceTree = "<group>"; };
		1D6BE99726C2D89E00F44114 /* SubjectExpandedViewController.swift */ = {isa = PBXFileReference; lastKnownFileType = sourcecode.swift; path = SubjectExpandedViewController.swift; sourceTree = "<group>"; };
		1D6BE99A26C2E33C00F44114 /* PaperThumbnailCollectionViewCell.swift */ = {isa = PBXFileReference; lastKnownFileType = sourcecode.swift; path = PaperThumbnailCollectionViewCell.swift; sourceTree = "<group>"; };
		1D6BE99B26C2E33C00F44114 /* PaperThumbnailCollectionViewCell.xib */ = {isa = PBXFileReference; lastKnownFileType = file.xib; path = PaperThumbnailCollectionViewCell.xib; sourceTree = "<group>"; };
		1D6BE99E26C2EC9E00F44114 /* PaperPreviewViewController.swift */ = {isa = PBXFileReference; lastKnownFileType = sourcecode.swift; path = PaperPreviewViewController.swift; sourceTree = "<group>"; };
		1D6BE9A026C2F0E500F44114 /* CircularProgressView.swift */ = {isa = PBXFileReference; fileEncoding = 4; lastKnownFileType = sourcecode.swift; path = CircularProgressView.swift; sourceTree = "<group>"; };
		1D6BE9A226C2F16C00F44114 /* UploadPaperViewController.swift */ = {isa = PBXFileReference; lastKnownFileType = sourcecode.swift; path = UploadPaperViewController.swift; sourceTree = "<group>"; };
		1D6BE9A426C2F3CA00F44114 /* paperSelectionViewController.swift */ = {isa = PBXFileReference; lastKnownFileType = sourcecode.swift; path = paperSelectionViewController.swift; sourceTree = "<group>"; };
/* End PBXFileReference section */

/* Begin PBXFrameworksBuildPhase section */
		1D5AB68E26C2958400B62D5A /* Frameworks */ = {
			isa = PBXFrameworksBuildPhase;
			buildActionMask = 2147483647;
			files = (
			);
			runOnlyForDeploymentPostprocessing = 0;
		};
/* End PBXFrameworksBuildPhase section */

/* Begin PBXGroup section */
		0B16EA5026C3D64000DC1C91 /* SettingsViewController */ = {
			isa = PBXGroup;
			children = (
				0B16EA5526C3D6AD00DC1C91 /* settingsCell.swift */,
			);
			path = SettingsViewController;
			sourceTree = "<group>";
		};
		0B16EA5726C3E13E00DC1C91 /* View */ = {
			isa = PBXGroup;
			children = (
				1D5AB69A26C2958400B62D5A /* Main.storyboard */,
				1D5AB69D26C2958600B62D5A /* Assets.xcassets */,
				1D5AB69F26C2958600B62D5A /* LaunchScreen.storyboard */,
			);
			path = View;
			sourceTree = "<group>";
		};
		0B32AA7426C54A3300E0E404 /* Models */ = {
			isa = PBXGroup;
			children = (
				0B32AA6E26C52E1600E0E404 /* HapticFeedback.swift */,
				0B32AA7026C52E3100E0E404 /* Constants.swift */,
			);
			path = Models;
			sourceTree = "<group>";
		};
		1D5AB68826C2958400B62D5A = {
			isa = PBXGroup;
			children = (
				1D5AB69326C2958400B62D5A /* ADG@PaperVIT_IOS */,
				1D5AB69226C2958400B62D5A /* Products */,
			);
			sourceTree = "<group>";
		};
		1D5AB69226C2958400B62D5A /* Products */ = {
			isa = PBXGroup;
			children = (
				1D5AB69126C2958400B62D5A /* ADG@PaperVIT_IOS.app */,
			);
			name = Products;
			sourceTree = "<group>";
		};
		1D5AB69326C2958400B62D5A /* ADG@PaperVIT_IOS */ = {
			isa = PBXGroup;
			children = (
				0B32AA7426C54A3300E0E404 /* Models */,
				1D5AB6A826C29E1800B62D5A /* View Controllers */,
				1D5AB69426C2958400B62D5A /* AppDelegate.swift */,
				1D6BE9A026C2F0E500F44114 /* CircularProgressView.swift */,
				1D5AB69626C2958400B62D5A /* SceneDelegate.swift */,
				1D5AB69826C2958400B62D5A /* ViewController.swift */,
				0B16EA5726C3E13E00DC1C91 /* View */,
				1D5AB6A226C2958600B62D5A /* Info.plist */,
			);
			path = "ADG@PaperVIT_IOS";
			sourceTree = "<group>";
		};
		1D5AB6A826C29E1800B62D5A /* View Controllers */ = {
			isa = PBXGroup;
			children = (
				1D5AB6AD26C2A63B00B62D5A /* Nibs for Controllers */,
				1D5AB6A926C29E6000B62D5A /* OnBoardingViewController.swift */,
				1D5AB6AB26C2A4EA00B62D5A /* ExamsViewController.swift */,
				1D6BE98E26C2B6D400F44114 /* SubjectsViewController.swift */,
				1D6BE99726C2D89E00F44114 /* SubjectExpandedViewController.swift */,
				1D6BE99E26C2EC9E00F44114 /* PaperPreviewViewController.swift */,
				1D6BE9A226C2F16C00F44114 /* UploadPaperViewController.swift */,
				1D6BE9A426C2F3CA00F44114 /* paperSelectionViewController.swift */,
				0B16EA4E26C3D50900DC1C91 /* SettingsViewController.swift */,
				0B32AA7226C546FB00E0E404 /* PrivacyViewController.swift */,
			);
			path = "View Controllers";
			sourceTree = "<group>";
		};
		1D5AB6AD26C2A63B00B62D5A /* Nibs for Controllers */ = {
			isa = PBXGroup;
			children = (
				0B16EA5026C3D64000DC1C91 /* SettingsViewController */,
				1D6BE99926C2E2F500F44114 /* SubjectExpandedViewController */,
				1D6BE99026C2B9FE00F44114 /* SubjectsViewController */,
				1D5AB6AE26C2A64A00B62D5A /* ExamViewController */,
			);
			path = "Nibs for Controllers";
			sourceTree = "<group>";
		};
		1D5AB6AE26C2A64A00B62D5A /* ExamViewController */ = {
			isa = PBXGroup;
			children = (
				1D5AB6AF26C2A67100B62D5A /* ExamSelectionTableViewCell.swift */,
				1D5AB6B026C2A67100B62D5A /* ExamSelectionTableViewCell.xib */,
			);
			path = ExamViewController;
			sourceTree = "<group>";
		};
		1D6BE99026C2B9FE00F44114 /* SubjectsViewController */ = {
			isa = PBXGroup;
			children = (
				1D6BE99326C2BA4A00F44114 /* SubjectsTableViewCell.swift */,
				1D6BE99426C2BA4A00F44114 /* SubjectsTableViewCell.xib */,
			);
			path = SubjectsViewController;
			sourceTree = "<group>";
		};
		1D6BE99926C2E2F500F44114 /* SubjectExpandedViewController */ = {
			isa = PBXGroup;
			children = (
				1D6BE99A26C2E33C00F44114 /* PaperThumbnailCollectionViewCell.swift */,
				1D6BE99B26C2E33C00F44114 /* PaperThumbnailCollectionViewCell.xib */,
			);
			path = SubjectExpandedViewController;
			sourceTree = "<group>";
		};
/* End PBXGroup section */

/* Begin PBXNativeTarget section */
		1D5AB69026C2958400B62D5A /* ADG@PaperVIT_IOS */ = {
			isa = PBXNativeTarget;
			buildConfigurationList = 1D5AB6A526C2958600B62D5A /* Build configuration list for PBXNativeTarget "ADG@PaperVIT_IOS" */;
			buildPhases = (
				1D5AB68D26C2958400B62D5A /* Sources */,
				1D5AB68E26C2958400B62D5A /* Frameworks */,
				1D5AB68F26C2958400B62D5A /* Resources */,
			);
			buildRules = (
			);
			dependencies = (
			);
			name = "ADG@PaperVIT_IOS";
			productName = "ADG@PaperVIT_IOS";
			productReference = 1D5AB69126C2958400B62D5A /* ADG@PaperVIT_IOS.app */;
			productType = "com.apple.product-type.application";
		};
/* End PBXNativeTarget section */

/* Begin PBXProject section */
		1D5AB68926C2958400B62D5A /* Project object */ = {
			isa = PBXProject;
			attributes = {
				LastSwiftUpdateCheck = 1250;
				LastUpgradeCheck = 1250;
				TargetAttributes = {
					1D5AB69026C2958400B62D5A = {
						CreatedOnToolsVersion = 12.5.1;
					};
				};
			};
			buildConfigurationList = 1D5AB68C26C2958400B62D5A /* Build configuration list for PBXProject "ADG@PaperVIT_IOS" */;
			compatibilityVersion = "Xcode 9.3";
			developmentRegion = en;
			hasScannedForEncodings = 0;
			knownRegions = (
				en,
				Base,
			);
			mainGroup = 1D5AB68826C2958400B62D5A;
			productRefGroup = 1D5AB69226C2958400B62D5A /* Products */;
			projectDirPath = "";
			projectRoot = "";
			targets = (
				1D5AB69026C2958400B62D5A /* ADG@PaperVIT_IOS */,
			);
		};
/* End PBXProject section */

/* Begin PBXResourcesBuildPhase section */
		1D5AB68F26C2958400B62D5A /* Resources */ = {
			isa = PBXResourcesBuildPhase;
			buildActionMask = 2147483647;
			files = (
				1D6BE99D26C2E33C00F44114 /* PaperThumbnailCollectionViewCell.xib in Resources */,
				1D6BE99626C2BA4A00F44114 /* SubjectsTableViewCell.xib in Resources */,
				1D5AB6A126C2958600B62D5A /* LaunchScreen.storyboard in Resources */,
				1D5AB69E26C2958600B62D5A /* Assets.xcassets in Resources */,
				1D5AB69C26C2958400B62D5A /* Main.storyboard in Resources */,
				1D5AB6B226C2A67100B62D5A /* ExamSelectionTableViewCell.xib in Resources */,
			);
			runOnlyForDeploymentPostprocessing = 0;
		};
/* End PBXResourcesBuildPhase section */

/* Begin PBXSourcesBuildPhase section */
		1D5AB68D26C2958400B62D5A /* Sources */ = {
			isa = PBXSourcesBuildPhase;
			buildActionMask = 2147483647;
			files = (
				1D6BE98F26C2B6D400F44114 /* SubjectsViewController.swift in Sources */,
				1D5AB69926C2958400B62D5A /* ViewController.swift in Sources */,
				1D6BE9A526C2F3CA00F44114 /* paperSelectionViewController.swift in Sources */,
				1D6BE99826C2D89E00F44114 /* SubjectExpandedViewController.swift in Sources */,
				1D5AB69526C2958400B62D5A /* AppDelegate.swift in Sources */,
				1D6BE99C26C2E33C00F44114 /* PaperThumbnailCollectionViewCell.swift in Sources */,
				1D6BE9A326C2F16C00F44114 /* UploadPaperViewController.swift in Sources */,
				1D5AB6B126C2A67100B62D5A /* ExamSelectionTableViewCell.swift in Sources */,
				0B16EA4F26C3D50900DC1C91 /* SettingsViewController.swift in Sources */,
				0B32AA7126C52E3100E0E404 /* Constants.swift in Sources */,
				1D6BE99F26C2EC9E00F44114 /* PaperPreviewViewController.swift in Sources */,
				1D6BE99526C2BA4A00F44114 /* SubjectsTableViewCell.swift in Sources */,
				0B32AA7326C546FB00E0E404 /* PrivacyViewController.swift in Sources */,
				1D5AB69726C2958400B62D5A /* SceneDelegate.swift in Sources */,
				1D5AB6AA26C29E6000B62D5A /* OnBoardingViewController.swift in Sources */,
				1D6BE9A126C2F0E500F44114 /* CircularProgressView.swift in Sources */,
				0B16EA5626C3D6AD00DC1C91 /* settingsCell.swift in Sources */,
				1D5AB6AC26C2A4EA00B62D5A /* ExamsViewController.swift in Sources */,
				0B32AA6F26C52E1600E0E404 /* HapticFeedback.swift in Sources */,
			);
			runOnlyForDeploymentPostprocessing = 0;
		};
/* End PBXSourcesBuildPhase section */

/* Begin PBXVariantGroup section */
		1D5AB69A26C2958400B62D5A /* Main.storyboard */ = {
			isa = PBXVariantGroup;
			children = (
				1D5AB69B26C2958400B62D5A /* Base */,
			);
			name = Main.storyboard;
			sourceTree = "<group>";
		};
		1D5AB69F26C2958600B62D5A /* LaunchScreen.storyboard */ = {
			isa = PBXVariantGroup;
			children = (
				1D5AB6A026C2958600B62D5A /* Base */,
			);
			name = LaunchScreen.storyboard;
			sourceTree = "<group>";
		};
/* End PBXVariantGroup section */

/* Begin XCBuildConfiguration section */
		1D5AB6A326C2958600B62D5A /* Debug */ = {
			isa = XCBuildConfiguration;
			buildSettings = {
				ALWAYS_SEARCH_USER_PATHS = NO;
				CLANG_ANALYZER_NONNULL = YES;
				CLANG_ANALYZER_NUMBER_OBJECT_CONVERSION = YES_AGGRESSIVE;
				CLANG_CXX_LANGUAGE_STANDARD = "gnu++14";
				CLANG_CXX_LIBRARY = "libc++";
				CLANG_ENABLE_MODULES = YES;
				CLANG_ENABLE_OBJC_ARC = YES;
				CLANG_ENABLE_OBJC_WEAK = YES;
				CLANG_WARN_BLOCK_CAPTURE_AUTORELEASING = YES;
				CLANG_WARN_BOOL_CONVERSION = YES;
				CLANG_WARN_COMMA = YES;
				CLANG_WARN_CONSTANT_CONVERSION = YES;
				CLANG_WARN_DEPRECATED_OBJC_IMPLEMENTATIONS = YES;
				CLANG_WARN_DIRECT_OBJC_ISA_USAGE = YES_ERROR;
				CLANG_WARN_DOCUMENTATION_COMMENTS = YES;
				CLANG_WARN_EMPTY_BODY = YES;
				CLANG_WARN_ENUM_CONVERSION = YES;
				CLANG_WARN_INFINITE_RECURSION = YES;
				CLANG_WARN_INT_CONVERSION = YES;
				CLANG_WARN_NON_LITERAL_NULL_CONVERSION = YES;
				CLANG_WARN_OBJC_IMPLICIT_RETAIN_SELF = YES;
				CLANG_WARN_OBJC_LITERAL_CONVERSION = YES;
				CLANG_WARN_OBJC_ROOT_CLASS = YES_ERROR;
				CLANG_WARN_QUOTED_INCLUDE_IN_FRAMEWORK_HEADER = YES;
				CLANG_WARN_RANGE_LOOP_ANALYSIS = YES;
				CLANG_WARN_STRICT_PROTOTYPES = YES;
				CLANG_WARN_SUSPICIOUS_MOVE = YES;
				CLANG_WARN_UNGUARDED_AVAILABILITY = YES_AGGRESSIVE;
				CLANG_WARN_UNREACHABLE_CODE = YES;
				CLANG_WARN__DUPLICATE_METHOD_MATCH = YES;
				COPY_PHASE_STRIP = NO;
				DEBUG_INFORMATION_FORMAT = dwarf;
				ENABLE_STRICT_OBJC_MSGSEND = YES;
				ENABLE_TESTABILITY = YES;
				GCC_C_LANGUAGE_STANDARD = gnu11;
				GCC_DYNAMIC_NO_PIC = NO;
				GCC_NO_COMMON_BLOCKS = YES;
				GCC_OPTIMIZATION_LEVEL = 0;
				GCC_PREPROCESSOR_DEFINITIONS = (
					"DEBUG=1",
					"$(inherited)",
				);
				GCC_WARN_64_TO_32_BIT_CONVERSION = YES;
				GCC_WARN_ABOUT_RETURN_TYPE = YES_ERROR;
				GCC_WARN_UNDECLARED_SELECTOR = YES;
				GCC_WARN_UNINITIALIZED_AUTOS = YES_AGGRESSIVE;
				GCC_WARN_UNUSED_FUNCTION = YES;
				GCC_WARN_UNUSED_VARIABLE = YES;
				IPHONEOS_DEPLOYMENT_TARGET = 14.5;
				MTL_ENABLE_DEBUG_INFO = INCLUDE_SOURCE;
				MTL_FAST_MATH = YES;
				ONLY_ACTIVE_ARCH = YES;
				SDKROOT = iphoneos;
				SWIFT_ACTIVE_COMPILATION_CONDITIONS = DEBUG;
				SWIFT_OPTIMIZATION_LEVEL = "-Onone";
			};
			name = Debug;
		};
		1D5AB6A426C2958600B62D5A /* Release */ = {
			isa = XCBuildConfiguration;
			buildSettings = {
				ALWAYS_SEARCH_USER_PATHS = NO;
				CLANG_ANALYZER_NONNULL = YES;
				CLANG_ANALYZER_NUMBER_OBJECT_CONVERSION = YES_AGGRESSIVE;
				CLANG_CXX_LANGUAGE_STANDARD = "gnu++14";
				CLANG_CXX_LIBRARY = "libc++";
				CLANG_ENABLE_MODULES = YES;
				CLANG_ENABLE_OBJC_ARC = YES;
				CLANG_ENABLE_OBJC_WEAK = YES;
				CLANG_WARN_BLOCK_CAPTURE_AUTORELEASING = YES;
				CLANG_WARN_BOOL_CONVERSION = YES;
				CLANG_WARN_COMMA = YES;
				CLANG_WARN_CONSTANT_CONVERSION = YES;
				CLANG_WARN_DEPRECATED_OBJC_IMPLEMENTATIONS = YES;
				CLANG_WARN_DIRECT_OBJC_ISA_USAGE = YES_ERROR;
				CLANG_WARN_DOCUMENTATION_COMMENTS = YES;
				CLANG_WARN_EMPTY_BODY = YES;
				CLANG_WARN_ENUM_CONVERSION = YES;
				CLANG_WARN_INFINITE_RECURSION = YES;
				CLANG_WARN_INT_CONVERSION = YES;
				CLANG_WARN_NON_LITERAL_NULL_CONVERSION = YES;
				CLANG_WARN_OBJC_IMPLICIT_RETAIN_SELF = YES;
				CLANG_WARN_OBJC_LITERAL_CONVERSION = YES;
				CLANG_WARN_OBJC_ROOT_CLASS = YES_ERROR;
				CLANG_WARN_QUOTED_INCLUDE_IN_FRAMEWORK_HEADER = YES;
				CLANG_WARN_RANGE_LOOP_ANALYSIS = YES;
				CLANG_WARN_STRICT_PROTOTYPES = YES;
				CLANG_WARN_SUSPICIOUS_MOVE = YES;
				CLANG_WARN_UNGUARDED_AVAILABILITY = YES_AGGRESSIVE;
				CLANG_WARN_UNREACHABLE_CODE = YES;
				CLANG_WARN__DUPLICATE_METHOD_MATCH = YES;
				COPY_PHASE_STRIP = NO;
				DEBUG_INFORMATION_FORMAT = "dwarf-with-dsym";
				ENABLE_NS_ASSERTIONS = NO;
				ENABLE_STRICT_OBJC_MSGSEND = YES;
				GCC_C_LANGUAGE_STANDARD = gnu11;
				GCC_NO_COMMON_BLOCKS = YES;
				GCC_WARN_64_TO_32_BIT_CONVERSION = YES;
				GCC_WARN_ABOUT_RETURN_TYPE = YES_ERROR;
				GCC_WARN_UNDECLARED_SELECTOR = YES;
				GCC_WARN_UNINITIALIZED_AUTOS = YES_AGGRESSIVE;
				GCC_WARN_UNUSED_FUNCTION = YES;
				GCC_WARN_UNUSED_VARIABLE = YES;
				IPHONEOS_DEPLOYMENT_TARGET = 14.5;
				MTL_ENABLE_DEBUG_INFO = NO;
				MTL_FAST_MATH = YES;
				SDKROOT = iphoneos;
				SWIFT_COMPILATION_MODE = wholemodule;
				SWIFT_OPTIMIZATION_LEVEL = "-O";
				VALIDATE_PRODUCT = YES;
			};
			name = Release;
		};
		1D5AB6A626C2958600B62D5A /* Debug */ = {
			isa = XCBuildConfiguration;
			buildSettings = {
				ASSETCATALOG_COMPILER_APPICON_NAME = AppIcon;
				ASSETCATALOG_COMPILER_GLOBAL_ACCENT_COLOR_NAME = AccentColor;
				CODE_SIGN_STYLE = Automatic;
				DEVELOPMENT_TEAM = 92767LDVUF;
				INFOPLIST_FILE = "ADG@PaperVIT_IOS/Info.plist";
				LD_RUNPATH_SEARCH_PATHS = (
					"$(inherited)",
					"@executable_path/Frameworks",
				);
				PRODUCT_BUNDLE_IDENTIFIER = "com.vaibhavshah.ADG-PaperVIT-IOS";
				PRODUCT_NAME = "$(TARGET_NAME)";
				SWIFT_VERSION = 5.0;
				TARGETED_DEVICE_FAMILY = "1,2";
			};
			name = Debug;
		};
		1D5AB6A726C2958600B62D5A /* Release */ = {
			isa = XCBuildConfiguration;
			buildSettings = {
				ASSETCATALOG_COMPILER_APPICON_NAME = AppIcon;
				ASSETCATALOG_COMPILER_GLOBAL_ACCENT_COLOR_NAME = AccentColor;
				CODE_SIGN_STYLE = Automatic;
				DEVELOPMENT_TEAM = 92767LDVUF;
				INFOPLIST_FILE = "ADG@PaperVIT_IOS/Info.plist";
				LD_RUNPATH_SEARCH_PATHS = (
					"$(inherited)",
					"@executable_path/Frameworks",
				);
				PRODUCT_BUNDLE_IDENTIFIER = "com.vaibhavshah.ADG-PaperVIT-IOS";
				PRODUCT_NAME = "$(TARGET_NAME)";
				SWIFT_VERSION = 5.0;
				TARGETED_DEVICE_FAMILY = "1,2";
			};
			name = Release;
		};
/* End XCBuildConfiguration section */

/* Begin XCConfigurationList section */
		1D5AB68C26C2958400B62D5A /* Build configuration list for PBXProject "ADG@PaperVIT_IOS" */ = {
			isa = XCConfigurationList;
			buildConfigurations = (
				1D5AB6A326C2958600B62D5A /* Debug */,
				1D5AB6A426C2958600B62D5A /* Release */,
			);
			defaultConfigurationIsVisible = 0;
			defaultConfigurationName = Release;
		};
		1D5AB6A526C2958600B62D5A /* Build configuration list for PBXNativeTarget "ADG@PaperVIT_IOS" */ = {
			isa = XCConfigurationList;
			buildConfigurations = (
				1D5AB6A626C2958600B62D5A /* Debug */,
				1D5AB6A726C2958600B62D5A /* Release */,
			);
			defaultConfigurationIsVisible = 0;
			defaultConfigurationName = Release;
		};
/* End XCConfigurationList section */
	};
	rootObject = 1D5AB68926C2958400B62D5A /* Project object */;
}
